// !$*UTF8*$!
{
	archiveVersion = 1;
	classes = {
	};
	objectVersion = 55;
	objects = {

/* Begin PBXBuildFile section */
		0E473586223750D52152EEF4 /* Pods_Careerly.framework in Frameworks */ = {isa = PBXBuildFile; fileRef = 7755FFF874B1A45EA76E292C /* Pods_Careerly.framework */; };
		CE05BC752835240B007D3CA3 /* FeedTVC.swift in Sources */ = {isa = PBXBuildFile; fileRef = CE05BC732835240B007D3CA3 /* FeedTVC.swift */; };
		CE05BC762835240B007D3CA3 /* FeedTVC.xib in Resources */ = {isa = PBXBuildFile; fileRef = CE05BC742835240B007D3CA3 /* FeedTVC.xib */; };
		CE4CDE702833E16C002BBB4D /* HomeTabVC.swift in Sources */ = {isa = PBXBuildFile; fileRef = CE4CDE6F2833E16C002BBB4D /* HomeTabVC.swift */; };
		CE4CDE732833F783002BBB4D /* TableViewHeaderView.xib in Resources */ = {isa = PBXBuildFile; fileRef = CE4CDE722833F783002BBB4D /* TableViewHeaderView.xib */; };
		CE4CDE762833F97C002BBB4D /* TableViewHeaderView.swift in Sources */ = {isa = PBXBuildFile; fileRef = CE4CDE752833F97C002BBB4D /* TableViewHeaderView.swift */; };
		CE53999A282FC5F90037512F /* Guide.txt in Resources */ = {isa = PBXBuildFile; fileRef = CE539999282FC5F90037512F /* Guide.txt */; };
		CE53999E282FC64D0037512F /* Base.txt in Resources */ = {isa = PBXBuildFile; fileRef = CE53999D282FC64D0037512F /* Base.txt */; };
		CE5399A0282FC6640037512F /* Utils.txt in Resources */ = {isa = PBXBuildFile; fileRef = CE53999F282FC6640037512F /* Utils.txt */; };
		CE5399A2282FC6740037512F /* Literal.txt in Resources */ = {isa = PBXBuildFile; fileRef = CE5399A1282FC6740037512F /* Literal.txt */; };
		CE5399A4282FC67F0037512F /* Network.txt in Resources */ = {isa = PBXBuildFile; fileRef = CE5399A3282FC67F0037512F /* Network.txt */; };
		CE5399A6282FC68B0037512F /* Extensions.txt in Resources */ = {isa = PBXBuildFile; fileRef = CE5399A5282FC68B0037512F /* Extensions.txt */; };
		CE5399A8282FC69D0037512F /* Models.txt in Resources */ = {isa = PBXBuildFile; fileRef = CE5399A7282FC69D0037512F /* Models.txt */; };
		CE809FAA28367CE2008E9378 /* PopularProfileTVC.swift in Sources */ = {isa = PBXBuildFile; fileRef = CE809FA828367CE2008E9378 /* PopularProfileTVC.swift */; };
		CE809FAB28367CE2008E9378 /* PopularProfileTVC.xib in Resources */ = {isa = PBXBuildFile; fileRef = CE809FA928367CE2008E9378 /* PopularProfileTVC.xib */; };
		CE809FAF283680A8008E9378 /* PopularProfileCVC.swift in Sources */ = {isa = PBXBuildFile; fileRef = CE809FAD283680A8008E9378 /* PopularProfileCVC.swift */; };
		CE809FB0283680A8008E9378 /* PopularProfileCVC.xib in Resources */ = {isa = PBXBuildFile; fileRef = CE809FAE283680A8008E9378 /* PopularProfileCVC.xib */; };
		CE97F0A12832C07700A4C287 /* HomeTab.storyboard in Resources */ = {isa = PBXBuildFile; fileRef = CE97F0A02832C07700A4C287 /* HomeTab.storyboard */; };
		CECC9380282FBDC500432906 /* AppDelegate.swift in Sources */ = {isa = PBXBuildFile; fileRef = CECC937F282FBDC500432906 /* AppDelegate.swift */; };
		CECC9382282FBDC500432906 /* SceneDelegate.swift in Sources */ = {isa = PBXBuildFile; fileRef = CECC9381282FBDC500432906 /* SceneDelegate.swift */; };
		CECC9384282FBDC500432906 /* ViewController.swift in Sources */ = {isa = PBXBuildFile; fileRef = CECC9383282FBDC500432906 /* ViewController.swift */; };
		CECC9387282FBDC500432906 /* Main.storyboard in Resources */ = {isa = PBXBuildFile; fileRef = CECC9385282FBDC500432906 /* Main.storyboard */; };
		CECC9389282FBDC600432906 /* Assets.xcassets in Resources */ = {isa = PBXBuildFile; fileRef = CECC9388282FBDC600432906 /* Assets.xcassets */; };
		CECC938C282FBDC600432906 /* LaunchScreen.storyboard in Resources */ = {isa = PBXBuildFile; fileRef = CECC938A282FBDC600432906 /* LaunchScreen.storyboard */; };
		CEF961AF2832C11C00A06B16 /* TabBar.storyboard in Resources */ = {isa = PBXBuildFile; fileRef = CEF961AE2832C11C00A06B16 /* TabBar.storyboard */; };
		CEF961B12832C14700A06B16 /* SearchTab.storyboard in Resources */ = {isa = PBXBuildFile; fileRef = CEF961B02832C14700A06B16 /* SearchTab.storyboard */; };
		CEF961B32832C17700A06B16 /* NotificationTab.storyboard in Resources */ = {isa = PBXBuildFile; fileRef = CEF961B22832C17700A06B16 /* NotificationTab.storyboard */; };
		CEF961B52832C18100A06B16 /* ProfileTab.storyboard in Resources */ = {isa = PBXBuildFile; fileRef = CEF961B42832C18100A06B16 /* ProfileTab.storyboard */; };
		F2B4860828389DFF00473AD9 /* applyShadow.swift in Sources */ = {isa = PBXBuildFile; fileRef = F2B4860728389DFF00473AD9 /* applyShadow.swift */; };
		F2B4860C28389E2900473AD9 /* pressAcrtion.swift in Sources */ = {isa = PBXBuildFile; fileRef = F2B4860B28389E2900473AD9 /* pressAcrtion.swift */; };
		F2B4860E28389E4000473AD9 /* setImage.swift in Sources */ = {isa = PBXBuildFile; fileRef = F2B4860D28389E4000473AD9 /* setImage.swift */; };
		F2B4861228389EB000473AD9 /* keyboard+UIViewController.swift in Sources */ = {isa = PBXBuildFile; fileRef = F2B4861128389EB000473AD9 /* keyboard+UIViewController.swift */; };
		F2B486142838A1D800473AD9 /* APIConstants.swift in Sources */ = {isa = PBXBuildFile; fileRef = F2B486132838A1D800473AD9 /* APIConstants.swift */; };
		F2B486162838A25700473AD9 /* NetworkResult.swift in Sources */ = {isa = PBXBuildFile; fileRef = F2B486152838A25700473AD9 /* NetworkResult.swift */; };
		F2B486182838A2BC00473AD9 /* PostModel.swift in Sources */ = {isa = PBXBuildFile; fileRef = F2B486172838A2BC00473AD9 /* PostModel.swift */; };
		F2B4861A2838A2C700473AD9 /* DetailPostModel.swift in Sources */ = {isa = PBXBuildFile; fileRef = F2B486192838A2C700473AD9 /* DetailPostModel.swift */; };
		F2B4861C2838A32E00473AD9 /* PostService.swift in Sources */ = {isa = PBXBuildFile; fileRef = F2B4861B2838A32E00473AD9 /* PostService.swift */; };
		F2B4861E2838A40B00473AD9 /* makeVibrate.swift in Sources */ = {isa = PBXBuildFile; fileRef = F2B4861D2838A40B00473AD9 /* makeVibrate.swift */; };
		F2B486202838B01D00473AD9 /* dateTime+String.swift in Sources */ = {isa = PBXBuildFile; fileRef = F2B4861F2838B01D00473AD9 /* dateTime+String.swift */; };
/* End PBXBuildFile section */

/* Begin PBXFileReference section */
		33D0E166BB4C6CEB555F8C83 /* Pods-Careerly.debug.xcconfig */ = {isa = PBXFileReference; includeInIndex = 1; lastKnownFileType = text.xcconfig; name = "Pods-Careerly.debug.xcconfig"; path = "Target Support Files/Pods-Careerly/Pods-Careerly.debug.xcconfig"; sourceTree = "<group>"; };
		7755FFF874B1A45EA76E292C /* Pods_Careerly.framework */ = {isa = PBXFileReference; explicitFileType = wrapper.framework; includeInIndex = 0; path = Pods_Careerly.framework; sourceTree = BUILT_PRODUCTS_DIR; };
		90F8B5F379E47A6D2CDBD0A5 /* Pods-Careerly.release.xcconfig */ = {isa = PBXFileReference; includeInIndex = 1; lastKnownFileType = text.xcconfig; name = "Pods-Careerly.release.xcconfig"; path = "Target Support Files/Pods-Careerly/Pods-Careerly.release.xcconfig"; sourceTree = "<group>"; };
		CE05BC732835240B007D3CA3 /* FeedTVC.swift */ = {isa = PBXFileReference; lastKnownFileType = sourcecode.swift; path = FeedTVC.swift; sourceTree = "<group>"; };
		CE05BC742835240B007D3CA3 /* FeedTVC.xib */ = {isa = PBXFileReference; lastKnownFileType = file.xib; path = FeedTVC.xib; sourceTree = "<group>"; };
		CE4CDE6F2833E16C002BBB4D /* HomeTabVC.swift */ = {isa = PBXFileReference; lastKnownFileType = sourcecode.swift; path = HomeTabVC.swift; sourceTree = "<group>"; };
		CE4CDE722833F783002BBB4D /* TableViewHeaderView.xib */ = {isa = PBXFileReference; lastKnownFileType = file.xib; path = TableViewHeaderView.xib; sourceTree = "<group>"; };
		CE4CDE752833F97C002BBB4D /* TableViewHeaderView.swift */ = {isa = PBXFileReference; lastKnownFileType = sourcecode.swift; path = TableViewHeaderView.swift; sourceTree = "<group>"; };
		CE539999282FC5F90037512F /* Guide.txt */ = {isa = PBXFileReference; lastKnownFileType = text; path = Guide.txt; sourceTree = "<group>"; };
		CE53999D282FC64D0037512F /* Base.txt */ = {isa = PBXFileReference; lastKnownFileType = text; path = Base.txt; sourceTree = "<group>"; };
		CE53999F282FC6640037512F /* Utils.txt */ = {isa = PBXFileReference; lastKnownFileType = text; path = Utils.txt; sourceTree = "<group>"; };
		CE5399A1282FC6740037512F /* Literal.txt */ = {isa = PBXFileReference; lastKnownFileType = text; path = Literal.txt; sourceTree = "<group>"; };
		CE5399A3282FC67F0037512F /* Network.txt */ = {isa = PBXFileReference; lastKnownFileType = text; path = Network.txt; sourceTree = "<group>"; };
		CE5399A5282FC68B0037512F /* Extensions.txt */ = {isa = PBXFileReference; lastKnownFileType = text; path = Extensions.txt; sourceTree = "<group>"; };
		CE5399A7282FC69D0037512F /* Models.txt */ = {isa = PBXFileReference; lastKnownFileType = text; path = Models.txt; sourceTree = "<group>"; };
		CE809FA828367CE2008E9378 /* PopularProfileTVC.swift */ = {isa = PBXFileReference; lastKnownFileType = sourcecode.swift; path = PopularProfileTVC.swift; sourceTree = "<group>"; };
		CE809FA928367CE2008E9378 /* PopularProfileTVC.xib */ = {isa = PBXFileReference; lastKnownFileType = file.xib; path = PopularProfileTVC.xib; sourceTree = "<group>"; };
		CE809FAD283680A8008E9378 /* PopularProfileCVC.swift */ = {isa = PBXFileReference; lastKnownFileType = sourcecode.swift; path = PopularProfileCVC.swift; sourceTree = "<group>"; };
		CE809FAE283680A8008E9378 /* PopularProfileCVC.xib */ = {isa = PBXFileReference; lastKnownFileType = file.xib; path = PopularProfileCVC.xib; sourceTree = "<group>"; };
		CE97F0A02832C07700A4C287 /* HomeTab.storyboard */ = {isa = PBXFileReference; lastKnownFileType = file.storyboard; path = HomeTab.storyboard; sourceTree = "<group>"; };
		CECC937C282FBDC500432906 /* Careerly.app */ = {isa = PBXFileReference; explicitFileType = wrapper.application; includeInIndex = 0; path = Careerly.app; sourceTree = BUILT_PRODUCTS_DIR; };
		CECC937F282FBDC500432906 /* AppDelegate.swift */ = {isa = PBXFileReference; lastKnownFileType = sourcecode.swift; path = AppDelegate.swift; sourceTree = "<group>"; };
		CECC9381282FBDC500432906 /* SceneDelegate.swift */ = {isa = PBXFileReference; lastKnownFileType = sourcecode.swift; path = SceneDelegate.swift; sourceTree = "<group>"; };
		CECC9383282FBDC500432906 /* ViewController.swift */ = {isa = PBXFileReference; lastKnownFileType = sourcecode.swift; path = ViewController.swift; sourceTree = "<group>"; };
		CECC9386282FBDC500432906 /* Base */ = {isa = PBXFileReference; lastKnownFileType = file.storyboard; name = Base; path = Base.lproj/Main.storyboard; sourceTree = "<group>"; };
		CECC9388282FBDC600432906 /* Assets.xcassets */ = {isa = PBXFileReference; lastKnownFileType = folder.assetcatalog; path = Assets.xcassets; sourceTree = "<group>"; };
		CECC938B282FBDC600432906 /* Base */ = {isa = PBXFileReference; lastKnownFileType = file.storyboard; name = Base; path = Base.lproj/LaunchScreen.storyboard; sourceTree = "<group>"; };
		CECC938D282FBDC600432906 /* Info.plist */ = {isa = PBXFileReference; lastKnownFileType = text.plist.xml; path = Info.plist; sourceTree = "<group>"; };
		CEF961AE2832C11C00A06B16 /* TabBar.storyboard */ = {isa = PBXFileReference; lastKnownFileType = file.storyboard; path = TabBar.storyboard; sourceTree = "<group>"; };
		CEF961B02832C14700A06B16 /* SearchTab.storyboard */ = {isa = PBXFileReference; lastKnownFileType = file.storyboard; path = SearchTab.storyboard; sourceTree = "<group>"; };
		CEF961B22832C17700A06B16 /* NotificationTab.storyboard */ = {isa = PBXFileReference; lastKnownFileType = file.storyboard; path = NotificationTab.storyboard; sourceTree = "<group>"; };
		CEF961B42832C18100A06B16 /* ProfileTab.storyboard */ = {isa = PBXFileReference; lastKnownFileType = file.storyboard; path = ProfileTab.storyboard; sourceTree = "<group>"; };
		F2B4860728389DFF00473AD9 /* applyShadow.swift */ = {isa = PBXFileReference; lastKnownFileType = sourcecode.swift; path = applyShadow.swift; sourceTree = "<group>"; };
		F2B4860B28389E2900473AD9 /* pressAcrtion.swift */ = {isa = PBXFileReference; lastKnownFileType = sourcecode.swift; path = pressAcrtion.swift; sourceTree = "<group>"; };
		F2B4860D28389E4000473AD9 /* setImage.swift */ = {isa = PBXFileReference; lastKnownFileType = sourcecode.swift; path = setImage.swift; sourceTree = "<group>"; };
		F2B4861128389EB000473AD9 /* keyboard+UIViewController.swift */ = {isa = PBXFileReference; lastKnownFileType = sourcecode.swift; path = "keyboard+UIViewController.swift"; sourceTree = "<group>"; };
		F2B486132838A1D800473AD9 /* APIConstants.swift */ = {isa = PBXFileReference; lastKnownFileType = sourcecode.swift; path = APIConstants.swift; sourceTree = "<group>"; };
		F2B486152838A25700473AD9 /* NetworkResult.swift */ = {isa = PBXFileReference; lastKnownFileType = sourcecode.swift; path = NetworkResult.swift; sourceTree = "<group>"; };
		F2B486172838A2BC00473AD9 /* PostModel.swift */ = {isa = PBXFileReference; lastKnownFileType = sourcecode.swift; path = PostModel.swift; sourceTree = "<group>"; };
		F2B486192838A2C700473AD9 /* DetailPostModel.swift */ = {isa = PBXFileReference; lastKnownFileType = sourcecode.swift; path = DetailPostModel.swift; sourceTree = "<group>"; };
		F2B4861B2838A32E00473AD9 /* PostService.swift */ = {isa = PBXFileReference; lastKnownFileType = sourcecode.swift; path = PostService.swift; sourceTree = "<group>"; };
		F2B4861D2838A40B00473AD9 /* makeVibrate.swift */ = {isa = PBXFileReference; lastKnownFileType = sourcecode.swift; path = makeVibrate.swift; sourceTree = "<group>"; };
		F2B4861F2838B01D00473AD9 /* dateTime+String.swift */ = {isa = PBXFileReference; lastKnownFileType = sourcecode.swift; path = "dateTime+String.swift"; sourceTree = "<group>"; };
/* End PBXFileReference section */

/* Begin PBXFrameworksBuildPhase section */
		CECC9379282FBDC500432906 /* Frameworks */ = {
			isa = PBXFrameworksBuildPhase;
			buildActionMask = 2147483647;
			files = (
				0E473586223750D52152EEF4 /* Pods_Careerly.framework in Frameworks */,
			);
			runOnlyForDeploymentPostprocessing = 0;
		};
/* End PBXFrameworksBuildPhase section */

/* Begin PBXGroup section */
		68EAEDA9FD9EDEC46EC57410 /* Pods */ = {
			isa = PBXGroup;
			children = (
				33D0E166BB4C6CEB555F8C83 /* Pods-Careerly.debug.xcconfig */,
				90F8B5F379E47A6D2CDBD0A5 /* Pods-Careerly.release.xcconfig */,
			);
			path = Pods;
			sourceTree = "<group>";
		};
		891E9CE39A87FDB4E0AB7999 /* Frameworks */ = {
			isa = PBXGroup;
			children = (
				7755FFF874B1A45EA76E292C /* Pods_Careerly.framework */,
			);
			name = Frameworks;
			sourceTree = "<group>";
		};
		CE05BC7228352177007D3CA3 /* FeedTVC */ = {
			isa = PBXGroup;
			children = (
				CE05BC732835240B007D3CA3 /* FeedTVC.swift */,
				CE05BC742835240B007D3CA3 /* FeedTVC.xib */,
			);
			path = FeedTVC;
			sourceTree = "<group>";
		};
		CE4CDE712833F552002BBB4D /* TableViewComponents */ = {
			isa = PBXGroup;
			children = (
				CE809FA728367CA2008E9378 /* PopularProfileTVC */,
				CE05BC7228352177007D3CA3 /* FeedTVC */,
				CE4CDE742833F944002BBB4D /* TableViewHeader */,
			);
			path = TableViewComponents;
			sourceTree = "<group>";
		};
		CE4CDE742833F944002BBB4D /* TableViewHeader */ = {
			isa = PBXGroup;
			children = (
				CE4CDE722833F783002BBB4D /* TableViewHeaderView.xib */,
				CE4CDE752833F97C002BBB4D /* TableViewHeaderView.swift */,
			);
			path = TableViewHeader;
			sourceTree = "<group>";
		};
		CE809FA728367CA2008E9378 /* PopularProfileTVC */ = {
			isa = PBXGroup;
			children = (
				CE809FAC28368078008E9378 /* PopularProfileCVC */,
				CE809FA828367CE2008E9378 /* PopularProfileTVC.swift */,
				CE809FA928367CE2008E9378 /* PopularProfileTVC.xib */,
			);
			path = PopularProfileTVC;
			sourceTree = "<group>";
		};
		CE809FAC28368078008E9378 /* PopularProfileCVC */ = {
			isa = PBXGroup;
			children = (
				CE809FAD283680A8008E9378 /* PopularProfileCVC.swift */,
				CE809FAE283680A8008E9378 /* PopularProfileCVC.xib */,
			);
			path = PopularProfileCVC;
			sourceTree = "<group>";
		};
		CE97F0A22832C0AD00A4C287 /* TabBar */ = {
			isa = PBXGroup;
			children = (
				CEF961B62832C6A000A06B16 /* HomeTab */,
				CEF961B72832C6A600A06B16 /* SearchTab */,
				CEF961B82832C6B000A06B16 /* NotificationTab */,
				CEF961B92832C6BA00A06B16 /* ProfileTab */,
				CEF961AE2832C11C00A06B16 /* TabBar.storyboard */,
			);
			path = TabBar;
			sourceTree = "<group>";
		};
		CECC9373282FBDC500432906 = {
			isa = PBXGroup;
			children = (
				CECC937E282FBDC500432906 /* Careerly */,
				CECC937D282FBDC500432906 /* Products */,
				68EAEDA9FD9EDEC46EC57410 /* Pods */,
				891E9CE39A87FDB4E0AB7999 /* Frameworks */,
			);
			sourceTree = "<group>";
		};
		CECC937D282FBDC500432906 /* Products */ = {
			isa = PBXGroup;
			children = (
				CECC937C282FBDC500432906 /* Careerly.app */,
			);
			name = Products;
			sourceTree = "<group>";
		};
		CECC937E282FBDC500432906 /* Careerly */ = {
			isa = PBXGroup;
			children = (
				CECC9393282FBDD500432906 /* Global */,
				CECC9394282FBDDB00432906 /* Screens */,
				CECC9383282FBDC500432906 /* ViewController.swift */,
				CECC938D282FBDC600432906 /* Info.plist */,
			);
			path = Careerly;
			sourceTree = "<group>";
		};
		CECC9393282FBDD500432906 /* Global */ = {
			isa = PBXGroup;
			children = (
				CECC939F282FBF4800432906 /* Storyboards */,
				CECC939E282FBECD00432906 /* Utils */,
				CECC939D282FBEB500432906 /* Supporting Files */,
				CECC9396282FBDE800432906 /* Literals */,
				CECC9395282FBDE300432906 /* Network */,
				CECC9398282FBE5400432906 /* Extensions */,
				CECC9397282FBE4C00432906 /* Resources */,
				CECC9399282FBE5A00432906 /* Models */,
			);
			path = Global;
			sourceTree = "<group>";
		};
		CECC9394282FBDDB00432906 /* Screens */ = {
			isa = PBXGroup;
			children = (
				CECC939C282FBE8600432906 /* Guide */,
				CECC939B282FBE8200432906 /* Home */,
				CECC939A282FBE7D00432906 /* Base */,
			);
			path = Screens;
			sourceTree = "<group>";
		};
		CECC9395282FBDE300432906 /* Network */ = {
			isa = PBXGroup;
			children = (
				CE5399A3282FC67F0037512F /* Network.txt */,
				F2B486132838A1D800473AD9 /* APIConstants.swift */,
				F2B486152838A25700473AD9 /* NetworkResult.swift */,
				F2B486172838A2BC00473AD9 /* PostModel.swift */,
				F2B486192838A2C700473AD9 /* DetailPostModel.swift */,
				F2B4861B2838A32E00473AD9 /* PostService.swift */,
			);
			path = Network;
			sourceTree = "<group>";
		};
		CECC9396282FBDE800432906 /* Literals */ = {
			isa = PBXGroup;
			children = (
				CE5399A1282FC6740037512F /* Literal.txt */,
			);
			path = Literals;
			sourceTree = "<group>";
		};
		CECC9397282FBE4C00432906 /* Resources */ = {
			isa = PBXGroup;
			children = (
				CECC9388282FBDC600432906 /* Assets.xcassets */,
			);
			path = Resources;
			sourceTree = "<group>";
		};
		CECC9398282FBE5400432906 /* Extensions */ = {
			isa = PBXGroup;
			children = (
				CE5399A5282FC68B0037512F /* Extensions.txt */,
				F2B4861128389EB000473AD9 /* keyboard+UIViewController.swift */,
				F2B4861F2838B01D00473AD9 /* dateTime+String.swift */,
			);
			path = Extensions;
			sourceTree = "<group>";
		};
		CECC9399282FBE5A00432906 /* Models */ = {
			isa = PBXGroup;
			children = (
				CE5399A7282FC69D0037512F /* Models.txt */,
			);
			path = Models;
			sourceTree = "<group>";
		};
		CECC939A282FBE7D00432906 /* Base */ = {
			isa = PBXGroup;
			children = (
				CE53999D282FC64D0037512F /* Base.txt */,
			);
			path = Base;
			sourceTree = "<group>";
		};
		CECC939B282FBE8200432906 /* Home */ = {
			isa = PBXGroup;
			children = (
				CE97F0A22832C0AD00A4C287 /* TabBar */,
			);
			path = Home;
			sourceTree = "<group>";
		};
		CECC939C282FBE8600432906 /* Guide */ = {
			isa = PBXGroup;
			children = (
				CE539999282FC5F90037512F /* Guide.txt */,
			);
			path = Guide;
			sourceTree = "<group>";
		};
		CECC939D282FBEB500432906 /* Supporting Files */ = {
			isa = PBXGroup;
			children = (
				CECC937F282FBDC500432906 /* AppDelegate.swift */,
				CECC9381282FBDC500432906 /* SceneDelegate.swift */,
			);
			path = "Supporting Files";
			sourceTree = "<group>";
		};
		CECC939E282FBECD00432906 /* Utils */ = {
			isa = PBXGroup;
			children = (
				CE53999F282FC6640037512F /* Utils.txt */,
				F2B4860728389DFF00473AD9 /* applyShadow.swift */,
				F2B4860B28389E2900473AD9 /* pressAcrtion.swift */,
				F2B4860D28389E4000473AD9 /* setImage.swift */,
				F2B4861D2838A40B00473AD9 /* makeVibrate.swift */,
			);
			path = Utils;
			sourceTree = "<group>";
		};
		CECC939F282FBF4800432906 /* Storyboards */ = {
			isa = PBXGroup;
			children = (
				CECC9385282FBDC500432906 /* Main.storyboard */,
				CECC938A282FBDC600432906 /* LaunchScreen.storyboard */,
			);
			path = Storyboards;
			sourceTree = "<group>";
		};
		CEF961B62832C6A000A06B16 /* HomeTab */ = {
			isa = PBXGroup;
			children = (
				CE4CDE712833F552002BBB4D /* TableViewComponents */,
				CE97F0A02832C07700A4C287 /* HomeTab.storyboard */,
				CE4CDE6F2833E16C002BBB4D /* HomeTabVC.swift */,
			);
			path = HomeTab;
			sourceTree = "<group>";
		};
		CEF961B72832C6A600A06B16 /* SearchTab */ = {
			isa = PBXGroup;
			children = (
				CEF961B02832C14700A06B16 /* SearchTab.storyboard */,
			);
			path = SearchTab;
			sourceTree = "<group>";
		};
		CEF961B82832C6B000A06B16 /* NotificationTab */ = {
			isa = PBXGroup;
			children = (
				CEF961B22832C17700A06B16 /* NotificationTab.storyboard */,
			);
			path = NotificationTab;
			sourceTree = "<group>";
		};
		CEF961B92832C6BA00A06B16 /* ProfileTab */ = {
			isa = PBXGroup;
			children = (
				CEF961B42832C18100A06B16 /* ProfileTab.storyboard */,
			);
			path = ProfileTab;
			sourceTree = "<group>";
		};
/* End PBXGroup section */

/* Begin PBXNativeTarget section */
		CECC937B282FBDC500432906 /* Careerly */ = {
			isa = PBXNativeTarget;
			buildConfigurationList = CECC9390282FBDC600432906 /* Build configuration list for PBXNativeTarget "Careerly" */;
			buildPhases = (
				41BC8E96FEF54E156DF51016 /* [CP] Check Pods Manifest.lock */,
				CECC9378282FBDC500432906 /* Sources */,
				CECC9379282FBDC500432906 /* Frameworks */,
				CECC937A282FBDC500432906 /* Resources */,
				41A46A19DB1303FB95AB107E /* [CP] Embed Pods Frameworks */,
			);
			buildRules = (
			);
			dependencies = (
			);
			name = Careerly;
			productName = Careerly;
			productReference = CECC937C282FBDC500432906 /* Careerly.app */;
			productType = "com.apple.product-type.application";
		};
/* End PBXNativeTarget section */

/* Begin PBXProject section */
		CECC9374282FBDC500432906 /* Project object */ = {
			isa = PBXProject;
			attributes = {
				BuildIndependentTargetsInParallel = 1;
				LastSwiftUpdateCheck = 1330;
				LastUpgradeCheck = 1330;
				TargetAttributes = {
					CECC937B282FBDC500432906 = {
						CreatedOnToolsVersion = 13.3;
					};
				};
			};
			buildConfigurationList = CECC9377282FBDC500432906 /* Build configuration list for PBXProject "Careerly" */;
			compatibilityVersion = "Xcode 13.0";
			developmentRegion = en;
			hasScannedForEncodings = 0;
			knownRegions = (
				en,
				Base,
			);
			mainGroup = CECC9373282FBDC500432906;
			productRefGroup = CECC937D282FBDC500432906 /* Products */;
			projectDirPath = "";
			projectRoot = "";
			targets = (
				CECC937B282FBDC500432906 /* Careerly */,
			);
		};
/* End PBXProject section */

/* Begin PBXResourcesBuildPhase section */
		CECC937A282FBDC500432906 /* Resources */ = {
			isa = PBXResourcesBuildPhase;
			buildActionMask = 2147483647;
			files = (
				CE5399A6282FC68B0037512F /* Extensions.txt in Resources */,
				CE809FB0283680A8008E9378 /* PopularProfileCVC.xib in Resources */,
				CE53999A282FC5F90037512F /* Guide.txt in Resources */,
				CEF961B32832C17700A06B16 /* NotificationTab.storyboard in Resources */,
				CEF961B52832C18100A06B16 /* ProfileTab.storyboard in Resources */,
				CE5399A0282FC6640037512F /* Utils.txt in Resources */,
				CECC938C282FBDC600432906 /* LaunchScreen.storyboard in Resources */,
				CE97F0A12832C07700A4C287 /* HomeTab.storyboard in Resources */,
				CECC9389282FBDC600432906 /* Assets.xcassets in Resources */,
				CECC9387282FBDC500432906 /* Main.storyboard in Resources */,
				CEF961AF2832C11C00A06B16 /* TabBar.storyboard in Resources */,
				CE5399A2282FC6740037512F /* Literal.txt in Resources */,
				CE05BC762835240B007D3CA3 /* FeedTVC.xib in Resources */,
				CEF961B12832C14700A06B16 /* SearchTab.storyboard in Resources */,
				CE5399A8282FC69D0037512F /* Models.txt in Resources */,
				CE5399A4282FC67F0037512F /* Network.txt in Resources */,
				CE53999E282FC64D0037512F /* Base.txt in Resources */,
				CE4CDE732833F783002BBB4D /* TableViewHeaderView.xib in Resources */,
				CE809FAB28367CE2008E9378 /* PopularProfileTVC.xib in Resources */,
			);
			runOnlyForDeploymentPostprocessing = 0;
		};
/* End PBXResourcesBuildPhase section */

/* Begin PBXShellScriptBuildPhase section */
		41A46A19DB1303FB95AB107E /* [CP] Embed Pods Frameworks */ = {
			isa = PBXShellScriptBuildPhase;
			buildActionMask = 2147483647;
			files = (
			);
			inputFileListPaths = (
				"${PODS_ROOT}/Target Support Files/Pods-Careerly/Pods-Careerly-frameworks-${CONFIGURATION}-input-files.xcfilelist",
			);
			name = "[CP] Embed Pods Frameworks";
			outputFileListPaths = (
				"${PODS_ROOT}/Target Support Files/Pods-Careerly/Pods-Careerly-frameworks-${CONFIGURATION}-output-files.xcfilelist",
			);
			runOnlyForDeploymentPostprocessing = 0;
			shellPath = /bin/sh;
			shellScript = "\"${PODS_ROOT}/Target Support Files/Pods-Careerly/Pods-Careerly-frameworks.sh\"\n";
			showEnvVarsInLog = 0;
		};
		41BC8E96FEF54E156DF51016 /* [CP] Check Pods Manifest.lock */ = {
			isa = PBXShellScriptBuildPhase;
			buildActionMask = 2147483647;
			files = (
			);
			inputFileListPaths = (
			);
			inputPaths = (
				"${PODS_PODFILE_DIR_PATH}/Podfile.lock",
				"${PODS_ROOT}/Manifest.lock",
			);
			name = "[CP] Check Pods Manifest.lock";
			outputFileListPaths = (
			);
			outputPaths = (
				"$(DERIVED_FILE_DIR)/Pods-Careerly-checkManifestLockResult.txt",
			);
			runOnlyForDeploymentPostprocessing = 0;
			shellPath = /bin/sh;
			shellScript = "diff \"${PODS_PODFILE_DIR_PATH}/Podfile.lock\" \"${PODS_ROOT}/Manifest.lock\" > /dev/null\nif [ $? != 0 ] ; then\n    # print error to STDERR\n    echo \"error: The sandbox is not in sync with the Podfile.lock. Run 'pod install' or update your CocoaPods installation.\" >&2\n    exit 1\nfi\n# This output is used by Xcode 'outputs' to avoid re-running this script phase.\necho \"SUCCESS\" > \"${SCRIPT_OUTPUT_FILE_0}\"\n";
			showEnvVarsInLog = 0;
		};
/* End PBXShellScriptBuildPhase section */

/* Begin PBXSourcesBuildPhase section */
		CECC9378282FBDC500432906 /* Sources */ = {
			isa = PBXSourcesBuildPhase;
			buildActionMask = 2147483647;
			files = (
				CECC9384282FBDC500432906 /* ViewController.swift in Sources */,
				CE809FAA28367CE2008E9378 /* PopularProfileTVC.swift in Sources */,
				CE809FAF283680A8008E9378 /* PopularProfileCVC.swift in Sources */,
				CE4CDE762833F97C002BBB4D /* TableViewHeaderView.swift in Sources */,
				F2B4861C2838A32E00473AD9 /* PostService.swift in Sources */,
				F2B486182838A2BC00473AD9 /* PostModel.swift in Sources */,
				F2B4860C28389E2900473AD9 /* pressAcrtion.swift in Sources */,
				F2B4860E28389E4000473AD9 /* setImage.swift in Sources */,
				F2B4861A2838A2C700473AD9 /* DetailPostModel.swift in Sources */,
				F2B4861228389EB000473AD9 /* keyboard+UIViewController.swift in Sources */,
				F2B486162838A25700473AD9 /* NetworkResult.swift in Sources */,
				F2B4860828389DFF00473AD9 /* applyShadow.swift in Sources */,
				F2B486142838A1D800473AD9 /* APIConstants.swift in Sources */,
				CECC9380282FBDC500432906 /* AppDelegate.swift in Sources */,
				CECC9382282FBDC500432906 /* SceneDelegate.swift in Sources */,
				CE4CDE702833E16C002BBB4D /* HomeTabVC.swift in Sources */,
				CE05BC752835240B007D3CA3 /* FeedTVC.swift in Sources */,
				F2B486202838B01D00473AD9 /* dateTime+String.swift in Sources */,
				F2B4861E2838A40B00473AD9 /* makeVibrate.swift in Sources */,
			);
			runOnlyForDeploymentPostprocessing = 0;
		};
/* End PBXSourcesBuildPhase section */

/* Begin PBXVariantGroup section */
		CECC9385282FBDC500432906 /* Main.storyboard */ = {
			isa = PBXVariantGroup;
			children = (
				CECC9386282FBDC500432906 /* Base */,
			);
			name = Main.storyboard;
			sourceTree = "<group>";
		};
		CECC938A282FBDC600432906 /* LaunchScreen.storyboard */ = {
			isa = PBXVariantGroup;
			children = (
				CECC938B282FBDC600432906 /* Base */,
			);
			name = LaunchScreen.storyboard;
			sourceTree = "<group>";
		};
/* End PBXVariantGroup section */

/* Begin XCBuildConfiguration section */
		CECC938E282FBDC600432906 /* Debug */ = {
			isa = XCBuildConfiguration;
			buildSettings = {
				ALWAYS_SEARCH_USER_PATHS = NO;
				CLANG_ANALYZER_NONNULL = YES;
				CLANG_ANALYZER_NUMBER_OBJECT_CONVERSION = YES_AGGRESSIVE;
				CLANG_CXX_LANGUAGE_STANDARD = "gnu++17";
				CLANG_ENABLE_MODULES = YES;
				CLANG_ENABLE_OBJC_ARC = YES;
				CLANG_ENABLE_OBJC_WEAK = YES;
				CLANG_WARN_BLOCK_CAPTURE_AUTORELEASING = YES;
				CLANG_WARN_BOOL_CONVERSION = YES;
				CLANG_WARN_COMMA = YES;
				CLANG_WARN_CONSTANT_CONVERSION = YES;
				CLANG_WARN_DEPRECATED_OBJC_IMPLEMENTATIONS = YES;
				CLANG_WARN_DIRECT_OBJC_ISA_USAGE = YES_ERROR;
				CLANG_WARN_DOCUMENTATION_COMMENTS = YES;
				CLANG_WARN_EMPTY_BODY = YES;
				CLANG_WARN_ENUM_CONVERSION = YES;
				CLANG_WARN_INFINITE_RECURSION = YES;
				CLANG_WARN_INT_CONVERSION = YES;
				CLANG_WARN_NON_LITERAL_NULL_CONVERSION = YES;
				CLANG_WARN_OBJC_IMPLICIT_RETAIN_SELF = YES;
				CLANG_WARN_OBJC_LITERAL_CONVERSION = YES;
				CLANG_WARN_OBJC_ROOT_CLASS = YES_ERROR;
				CLANG_WARN_QUOTED_INCLUDE_IN_FRAMEWORK_HEADER = YES;
				CLANG_WARN_RANGE_LOOP_ANALYSIS = YES;
				CLANG_WARN_STRICT_PROTOTYPES = YES;
				CLANG_WARN_SUSPICIOUS_MOVE = YES;
				CLANG_WARN_UNGUARDED_AVAILABILITY = YES_AGGRESSIVE;
				CLANG_WARN_UNREACHABLE_CODE = YES;
				CLANG_WARN__DUPLICATE_METHOD_MATCH = YES;
				COPY_PHASE_STRIP = NO;
				DEBUG_INFORMATION_FORMAT = dwarf;
				ENABLE_STRICT_OBJC_MSGSEND = YES;
				ENABLE_TESTABILITY = YES;
				GCC_C_LANGUAGE_STANDARD = gnu11;
				GCC_DYNAMIC_NO_PIC = NO;
				GCC_NO_COMMON_BLOCKS = YES;
				GCC_OPTIMIZATION_LEVEL = 0;
				GCC_PREPROCESSOR_DEFINITIONS = (
					"DEBUG=1",
					"$(inherited)",
				);
				GCC_WARN_64_TO_32_BIT_CONVERSION = YES;
				GCC_WARN_ABOUT_RETURN_TYPE = YES_ERROR;
				GCC_WARN_UNDECLARED_SELECTOR = YES;
				GCC_WARN_UNINITIALIZED_AUTOS = YES_AGGRESSIVE;
				GCC_WARN_UNUSED_FUNCTION = YES;
				GCC_WARN_UNUSED_VARIABLE = YES;
				IPHONEOS_DEPLOYMENT_TARGET = 15.0;
				MTL_ENABLE_DEBUG_INFO = INCLUDE_SOURCE;
				MTL_FAST_MATH = YES;
				ONLY_ACTIVE_ARCH = YES;
				SDKROOT = iphoneos;
				SWIFT_ACTIVE_COMPILATION_CONDITIONS = DEBUG;
				SWIFT_OPTIMIZATION_LEVEL = "-Onone";
			};
			name = Debug;
		};
		CECC938F282FBDC600432906 /* Release */ = {
			isa = XCBuildConfiguration;
			buildSettings = {
				ALWAYS_SEARCH_USER_PATHS = NO;
				CLANG_ANALYZER_NONNULL = YES;
				CLANG_ANALYZER_NUMBER_OBJECT_CONVERSION = YES_AGGRESSIVE;
				CLANG_CXX_LANGUAGE_STANDARD = "gnu++17";
				CLANG_ENABLE_MODULES = YES;
				CLANG_ENABLE_OBJC_ARC = YES;
				CLANG_ENABLE_OBJC_WEAK = YES;
				CLANG_WARN_BLOCK_CAPTURE_AUTORELEASING = YES;
				CLANG_WARN_BOOL_CONVERSION = YES;
				CLANG_WARN_COMMA = YES;
				CLANG_WARN_CONSTANT_CONVERSION = YES;
				CLANG_WARN_DEPRECATED_OBJC_IMPLEMENTATIONS = YES;
				CLANG_WARN_DIRECT_OBJC_ISA_USAGE = YES_ERROR;
				CLANG_WARN_DOCUMENTATION_COMMENTS = YES;
				CLANG_WARN_EMPTY_BODY = YES;
				CLANG_WARN_ENUM_CONVERSION = YES;
				CLANG_WARN_INFINITE_RECURSION = YES;
				CLANG_WARN_INT_CONVERSION = YES;
				CLANG_WARN_NON_LITERAL_NULL_CONVERSION = YES;
				CLANG_WARN_OBJC_IMPLICIT_RETAIN_SELF = YES;
				CLANG_WARN_OBJC_LITERAL_CONVERSION = YES;
				CLANG_WARN_OBJC_ROOT_CLASS = YES_ERROR;
				CLANG_WARN_QUOTED_INCLUDE_IN_FRAMEWORK_HEADER = YES;
				CLANG_WARN_RANGE_LOOP_ANALYSIS = YES;
				CLANG_WARN_STRICT_PROTOTYPES = YES;
				CLANG_WARN_SUSPICIOUS_MOVE = YES;
				CLANG_WARN_UNGUARDED_AVAILABILITY = YES_AGGRESSIVE;
				CLANG_WARN_UNREACHABLE_CODE = YES;
				CLANG_WARN__DUPLICATE_METHOD_MATCH = YES;
				COPY_PHASE_STRIP = NO;
				DEBUG_INFORMATION_FORMAT = "dwarf-with-dsym";
				ENABLE_NS_ASSERTIONS = NO;
				ENABLE_STRICT_OBJC_MSGSEND = YES;
				GCC_C_LANGUAGE_STANDARD = gnu11;
				GCC_NO_COMMON_BLOCKS = YES;
				GCC_WARN_64_TO_32_BIT_CONVERSION = YES;
				GCC_WARN_ABOUT_RETURN_TYPE = YES_ERROR;
				GCC_WARN_UNDECLARED_SELECTOR = YES;
				GCC_WARN_UNINITIALIZED_AUTOS = YES_AGGRESSIVE;
				GCC_WARN_UNUSED_FUNCTION = YES;
				GCC_WARN_UNUSED_VARIABLE = YES;
				IPHONEOS_DEPLOYMENT_TARGET = 15.0;
				MTL_ENABLE_DEBUG_INFO = NO;
				MTL_FAST_MATH = YES;
				SDKROOT = iphoneos;
				SWIFT_COMPILATION_MODE = wholemodule;
				SWIFT_OPTIMIZATION_LEVEL = "-O";
				VALIDATE_PRODUCT = YES;
			};
			name = Release;
		};
		CECC9391282FBDC600432906 /* Debug */ = {
			isa = XCBuildConfiguration;
			baseConfigurationReference = 33D0E166BB4C6CEB555F8C83 /* Pods-Careerly.debug.xcconfig */;
			buildSettings = {
				ASSETCATALOG_COMPILER_APPICON_NAME = AppIcon;
				ASSETCATALOG_COMPILER_GLOBAL_ACCENT_COLOR_NAME = AccentColor;
				CODE_SIGN_STYLE = Automatic;
				CURRENT_PROJECT_VERSION = 1;
				GENERATE_INFOPLIST_FILE = YES;
				INFOPLIST_FILE = Careerly/Info.plist;
				INFOPLIST_KEY_UIApplicationSupportsIndirectInputEvents = YES;
				INFOPLIST_KEY_UILaunchStoryboardName = LaunchScreen;
				INFOPLIST_KEY_UIMainStoryboardFile = Main;
				INFOPLIST_KEY_UISupportedInterfaceOrientations_iPad = "UIInterfaceOrientationPortrait UIInterfaceOrientationPortraitUpsideDown UIInterfaceOrientationLandscapeLeft UIInterfaceOrientationLandscapeRight";
				INFOPLIST_KEY_UISupportedInterfaceOrientations_iPhone = "UIInterfaceOrientationPortrait UIInterfaceOrientationLandscapeLeft UIInterfaceOrientationLandscapeRight";
				LD_RUNPATH_SEARCH_PATHS = (
					"$(inherited)",
					"@executable_path/Frameworks",
				);
				MARKETING_VERSION = 1.0;
				PRODUCT_BUNDLE_IDENTIFIER = com.sopt30th.Careerly;
				PRODUCT_NAME = "$(TARGET_NAME)";
				SWIFT_EMIT_LOC_STRINGS = YES;
				SWIFT_VERSION = 5.0;
				TARGETED_DEVICE_FAMILY = 1;
			};
			name = Debug;
		};
		CECC9392282FBDC600432906 /* Release */ = {
			isa = XCBuildConfiguration;
			baseConfigurationReference = 90F8B5F379E47A6D2CDBD0A5 /* Pods-Careerly.release.xcconfig */;
			buildSettings = {
				ASSETCATALOG_COMPILER_APPICON_NAME = AppIcon;
				ASSETCATALOG_COMPILER_GLOBAL_ACCENT_COLOR_NAME = AccentColor;
				CODE_SIGN_STYLE = Automatic;
				CURRENT_PROJECT_VERSION = 1;
				GENERATE_INFOPLIST_FILE = YES;
				INFOPLIST_FILE = Careerly/Info.plist;
				INFOPLIST_KEY_UIApplicationSupportsIndirectInputEvents = YES;
				INFOPLIST_KEY_UILaunchStoryboardName = LaunchScreen;
				INFOPLIST_KEY_UIMainStoryboardFile = Main;
				INFOPLIST_KEY_UISupportedInterfaceOrientations_iPad = "UIInterfaceOrientationPortrait UIInterfaceOrientationPortraitUpsideDown UIInterfaceOrientationLandscapeLeft UIInterfaceOrientationLandscapeRight";
				INFOPLIST_KEY_UISupportedInterfaceOrientations_iPhone = "UIInterfaceOrientationPortrait UIInterfaceOrientationLandscapeLeft UIInterfaceOrientationLandscapeRight";
				LD_RUNPATH_SEARCH_PATHS = (
					"$(inherited)",
					"@executable_path/Frameworks",
				);
				MARKETING_VERSION = 1.0;
				PRODUCT_BUNDLE_IDENTIFIER = com.sopt30th.Careerly;
				PRODUCT_NAME = "$(TARGET_NAME)";
				SWIFT_EMIT_LOC_STRINGS = YES;
				SWIFT_VERSION = 5.0;
				TARGETED_DEVICE_FAMILY = 1;
			};
			name = Release;
		};
/* End XCBuildConfiguration section */

/* Begin XCConfigurationList section */
		CECC9377282FBDC500432906 /* Build configuration list for PBXProject "Careerly" */ = {
			isa = XCConfigurationList;
			buildConfigurations = (
				CECC938E282FBDC600432906 /* Debug */,
				CECC938F282FBDC600432906 /* Release */,
			);
			defaultConfigurationIsVisible = 0;
			defaultConfigurationName = Release;
		};
		CECC9390282FBDC600432906 /* Build configuration list for PBXNativeTarget "Careerly" */ = {
			isa = XCConfigurationList;
			buildConfigurations = (
				CECC9391282FBDC600432906 /* Debug */,
				CECC9392282FBDC600432906 /* Release */,
			);
			defaultConfigurationIsVisible = 0;
			defaultConfigurationName = Release;
		};
/* End XCConfigurationList section */
	};
	rootObject = CECC9374282FBDC500432906 /* Project object */;
}
